// !$*UTF8*$!
{
	archiveVersion = 1;
	classes = {
	};
	objectVersion = 46;
	objects = {

/* Begin PBXBuildFile section */
		FAB2CB711BC9AC24006F5C8D /* AppDelegate.swift in Sources */ = {isa = PBXBuildFile; fileRef = FAB2CB701BC9AC24006F5C8D /* AppDelegate.swift */; };
		FAB2CB731BC9AC24006F5C8D /* ViewController.swift in Sources */ = {isa = PBXBuildFile; fileRef = FAB2CB721BC9AC24006F5C8D /* ViewController.swift */; };
		FAB2CB761BC9AC24006F5C8D /* Main.storyboard in Resources */ = {isa = PBXBuildFile; fileRef = FAB2CB741BC9AC24006F5C8D /* Main.storyboard */; };
		FAB2CB781BC9AC24006F5C8D /* Assets.xcassets in Resources */ = {isa = PBXBuildFile; fileRef = FAB2CB771BC9AC24006F5C8D /* Assets.xcassets */; };
		FAB2CB7B1BC9AC24006F5C8D /* LaunchScreen.storyboard in Resources */ = {isa = PBXBuildFile; fileRef = FAB2CB791BC9AC24006F5C8D /* LaunchScreen.storyboard */; };
		FAB2CB841BC9AC45006F5C8D /* Post.swift in Sources */ = {isa = PBXBuildFile; fileRef = FAB2CB831BC9AC45006F5C8D /* Post.swift */; settings = {ASSET_TAGS = (); }; };
/* End PBXBuildFile section */

/* Begin PBXFileReference section */
		FAB2CB6D1BC9AC24006F5C8D /* myHood.app */ = {isa = PBXFileReference; explicitFileType = wrapper.application; includeInIndex = 0; path = myHood.app; sourceTree = BUILT_PRODUCTS_DIR; };
		FAB2CB701BC9AC24006F5C8D /* AppDelegate.swift */ = {isa = PBXFileReference; lastKnownFileType = sourcecode.swift; path = AppDelegate.swift; sourceTree = "<group>"; };
		FAB2CB721BC9AC24006F5C8D /* ViewController.swift */ = {isa = PBXFileReference; lastKnownFileType = sourcecode.swift; path = ViewController.swift; sourceTree = "<group>"; };
		FAB2CB751BC9AC24006F5C8D /* Base */ = {isa = PBXFileReference; lastKnownFileType = file.storyboard; name = Base; path = Base.lproj/Main.storyboard; sourceTree = "<group>"; };
		FAB2CB771BC9AC24006F5C8D /* Assets.xcassets */ = {isa = PBXFileReference; lastKnownFileType = folder.assetcatalog; path = Assets.xcassets; sourceTree = "<group>"; };
		FAB2CB7A1BC9AC24006F5C8D /* Base */ = {isa = PBXFileReference; lastKnownFileType = file.storyboard; name = Base; path = Base.lproj/LaunchScreen.storyboard; sourceTree = "<group>"; };
		FAB2CB7C1BC9AC24006F5C8D /* Info.plist */ = {isa = PBXFileReference; lastKnownFileType = text.plist.xml; path = Info.plist; sourceTree = "<group>"; };
		FAB2CB831BC9AC45006F5C8D /* Post.swift */ = {isa = PBXFileReference; fileEncoding = 4; lastKnownFileType = sourcecode.swift; path = Post.swift; sourceTree = "<group>"; };
/* End PBXFileReference section */

/* Begin PBXFrameworksBuildPhase section */
		FAB2CB6A1BC9AC24006F5C8D /* Frameworks */ = {
			isa = PBXFrameworksBuildPhase;
			buildActionMask = 2147483647;
			files = (
			);
			runOnlyForDeploymentPostprocessing = 0;
		};
/* End PBXFrameworksBuildPhase section */

/* Begin PBXGroup section */
		FAB2CB641BC9AC24006F5C8D = {
			isa = PBXGroup;
			children = (
				FAB2CB6F1BC9AC24006F5C8D /* myHood */,
				FAB2CB6E1BC9AC24006F5C8D /* Products */,
			);
			sourceTree = "<group>";
		};
		FAB2CB6E1BC9AC24006F5C8D /* Products */ = {
			isa = PBXGroup;
			children = (
				FAB2CB6D1BC9AC24006F5C8D /* myHood.app */,
			);
			name = Products;
			sourceTree = "<group>";
		};
		FAB2CB6F1BC9AC24006F5C8D /* myHood */ = {
			isa = PBXGroup;
			children = (
				FAB2CB821BC9AC35006F5C8D /* Model */,
				FAB2CB701BC9AC24006F5C8D /* AppDelegate.swift */,
				FAB2CB721BC9AC24006F5C8D /* ViewController.swift */,
				FAB2CB741BC9AC24006F5C8D /* Main.storyboard */,
				FAB2CB771BC9AC24006F5C8D /* Assets.xcassets */,
				FAB2CB791BC9AC24006F5C8D /* LaunchScreen.storyboard */,
				FAB2CB7C1BC9AC24006F5C8D /* Info.plist */,
			);
			path = myHood;
			sourceTree = "<group>";
		};
		FAB2CB821BC9AC35006F5C8D /* Model */ = {
			isa = PBXGroup;
			children = (
				FAB2CB831BC9AC45006F5C8D /* Post.swift */,
			);
			name = Model;
			sourceTree = "<group>";
		};
/* End PBXGroup section */

/* Begin PBXNativeTarget section */
		FAB2CB6C1BC9AC24006F5C8D /* myHood */ = {
			isa = PBXNativeTarget;
			buildConfigurationList = FAB2CB7F1BC9AC24006F5C8D /* Build configuration list for PBXNativeTarget "myHood" */;
			buildPhases = (
				FAB2CB691BC9AC24006F5C8D /* Sources */,
				FAB2CB6A1BC9AC24006F5C8D /* Frameworks */,
				FAB2CB6B1BC9AC24006F5C8D /* Resources */,
			);
			buildRules = (
			);
			dependencies = (
			);
			name = myHood;
			productName = myHood;
			productReference = FAB2CB6D1BC9AC24006F5C8D /* myHood.app */;
			productType = "com.apple.product-type.application";
		};
/* End PBXNativeTarget section */

/* Begin PBXProject section */
		FAB2CB651BC9AC24006F5C8D /* Project object */ = {
			isa = PBXProject;
			attributes = {
				LastUpgradeCheck = 0700;
				ORGANIZATIONNAME = "Alex Lombry";
				TargetAttributes = {
					FAB2CB6C1BC9AC24006F5C8D = {
						CreatedOnToolsVersion = 7.0;
						DevelopmentTeam = BM9B63A7C8;
					};
				};
			};
			buildConfigurationList = FAB2CB681BC9AC24006F5C8D /* Build configuration list for PBXProject "myHood" */;
			compatibilityVersion = "Xcode 3.2";
			developmentRegion = English;
			hasScannedForEncodings = 0;
			knownRegions = (
				en,
				Base,
			);
			mainGroup = FAB2CB641BC9AC24006F5C8D;
			productRefGroup = FAB2CB6E1BC9AC24006F5C8D /* Products */;
			projectDirPath = "";
			projectRoot = "";
			targets = (
				FAB2CB6C1BC9AC24006F5C8D /* myHood */,
			);
		};
/* End PBXProject section */

/* Begin PBXResourcesBuildPhase section */
		FAB2CB6B1BC9AC24006F5C8D /* Resources */ = {
			isa = PBXResourcesBuildPhase;
			buildActionMask = 2147483647;
			files = (
				FAB2CB7B1BC9AC24006F5C8D /* LaunchScreen.storyboard in Resources */,
				FAB2CB781BC9AC24006F5C8D /* Assets.xcassets in Resources */,
				FAB2CB761BC9AC24006F5C8D /* Main.storyboard in Resources */,
			);
			runOnlyForDeploymentPostprocessing = 0;
		};
/* End PBXResourcesBuildPhase section */

/* Begin PBXSourcesBuildPhase section */
		FAB2CB691BC9AC24006F5C8D /* Sources */ = {
			isa = PBXSourcesBuildPhase;
			buildActionMask = 2147483647;
			files = (
				FAB2CB841BC9AC45006F5C8D /* Post.swift in Sources */,
				FAB2CB731BC9AC24006F5C8D /* ViewController.swift in Sources */,
				FAB2CB711BC9AC24006F5C8D /* AppDelegate.swift in Sources */,
			);
			runOnlyForDeploymentPostprocessing = 0;
		};
/* End PBXSourcesBuildPhase section */

/* Begin PBXVariantGroup section */
		FAB2CB741BC9AC24006F5C8D /* Main.storyboard */ = {
			isa = PBXVariantGroup;
			children = (
				FAB2CB751BC9AC24006F5C8D /* Base */,
			);
			name = Main.storyboard;
			sourceTree = "<group>";
		};
		FAB2CB791BC9AC24006F5C8D /* LaunchScreen.storyboard */ = {
			isa = PBXVariantGroup;
			children = (
				FAB2CB7A1BC9AC24006F5C8D /* Base */,
			);
			name = LaunchScreen.storyboard;
			sourceTree = "<group>";
		};
/* End PBXVariantGroup section */

/* Begin XCBuildConfiguration section */
		FAB2CB7D1BC9AC24006F5C8D /* Debug */ = {
			isa = XCBuildConfiguration;
			buildSettings = {
				ALWAYS_SEARCH_USER_PATHS = NO;
				CLANG_CXX_LANGUAGE_STANDARD = "gnu++0x";
				CLANG_CXX_LIBRARY = "libc++";
				CLANG_ENABLE_MODULES = YES;
				CLANG_ENABLE_OBJC_ARC = YES;
				CLANG_WARN_BOOL_CONVERSION = YES;
				CLANG_WARN_CONSTANT_CONVERSION = YES;
				CLANG_WARN_DIRECT_OBJC_ISA_USAGE = YES_ERROR;
				CLANG_WARN_EMPTY_BODY = YES;
				CLANG_WARN_ENUM_CONVERSION = YES;
				CLANG_WARN_INT_CONVERSION = YES;
				CLANG_WARN_OBJC_ROOT_CLASS = YES_ERROR;
				CLANG_WARN_UNREACHABLE_CODE = YES;
				CLANG_WARN__DUPLICATE_METHOD_MATCH = YES;
				"CODE_SIGN_IDENTITY[sdk=iphoneos*]" = "iPhone Developer";
				COPY_PHASE_STRIP = NO;
				DEBUG_INFORMATION_FORMAT = dwarf;
				ENABLE_STRICT_OBJC_MSGSEND = YES;
				ENABLE_TESTABILITY = YES;
				GCC_C_LANGUAGE_STANDARD = gnu99;
				GCC_DYNAMIC_NO_PIC = NO;
				GCC_NO_COMMON_BLOCKS = YES;
				GCC_OPTIMIZATION_LEVEL = 0;
				GCC_PREPROCESSOR_DEFINITIONS = (
					"DEBUG=1",
					"$(inherited)",
				);
				GCC_WARN_64_TO_32_BIT_CONVERSION = YES;
				GCC_WARN_ABOUT_RETURN_TYPE = YES_ERROR;
				GCC_WARN_UNDECLARED_SELECTOR = YES;
				GCC_WARN_UNINITIALIZED_AUTOS = YES_AGGRESSIVE;
				GCC_WARN_UNUSED_FUNCTION = YES;
				GCC_WARN_UNUSED_VARIABLE = YES;
				IPHONEOS_DEPLOYMENT_TARGET = 9.0;
				MTL_ENABLE_DEBUG_INFO = YES;
				ONLY_ACTIVE_ARCH = YES;
				SDKROOT = iphoneos;
				SWIFT_OPTIMIZATION_LEVEL = "-Onone";
			};
			name = Debug;
		};
		FAB2CB7E1BC9AC24006F5C8D /* Release */ = {
			isa = XCBuildConfiguration;
			buildSettings = {
				ALWAYS_SEARCH_USER_PATHS = NO;
				CLANG_CXX_LANGUAGE_STANDARD = "gnu++0x";
				CLANG_CXX_LIBRARY = "libc++";
				CLANG_ENABLE_MODULES = YES;
				CLANG_ENABLE_OBJC_ARC = YES;
				CLANG_WARN_BOOL_CONVERSION = YES;
				CLANG_WARN_CONSTANT_CONVERSION = YES;
				CLANG_WARN_DIRECT_OBJC_ISA_USAGE = YES_ERROR;
				CLANG_WARN_EMPTY_BODY = YES;
				CLANG_WARN_ENUM_CONVERSION = YES;
				CLANG_WARN_INT_CONVERSION = YES;
				CLANG_WARN_OBJC_ROOT_CLASS = YES_ERROR;
				CLANG_WARN_UNREACHABLE_CODE = YES;
				CLANG_WARN__DUPLICATE_METHOD_MATCH = YES;
				"CODE_SIGN_IDENTITY[sdk=iphoneos*]" = "iPhone Developer";
				COPY_PHASE_STRIP = NO;
				DEBUG_INFORMATION_FORMAT = "dwarf-with-dsym";
				ENABLE_NS_ASSERTIONS = NO;
				ENABLE_STRICT_OBJC_MSGSEND = YES;
				GCC_C_LANGUAGE_STANDARD = gnu99;
				GCC_NO_COMMON_BLOCKS = YES;
				GCC_WARN_64_TO_32_BIT_CONVERSION = YES;
				GCC_WARN_ABOUT_RETURN_TYPE = YES_ERROR;
				GCC_WARN_UNDECLARED_SELECTOR = YES;
				GCC_WARN_UNINITIALIZED_AUTOS = YES_AGGRESSIVE;
				GCC_WARN_UNUSED_FUNCTION = YES;
				GCC_WARN_UNUSED_VARIABLE = YES;
				IPHONEOS_DEPLOYMENT_TARGET = 9.0;
				MTL_ENABLE_DEBUG_INFO = NO;
				SDKROOT = iphoneos;
				VALIDATE_PRODUCT = YES;
			};
			name = Release;
		};
		FAB2CB801BC9AC24006F5C8D /* Debug */ = {
			isa = XCBuildConfiguration;
			buildSettings = {
				ASSETCATALOG_COMPILER_APPICON_NAME = AppIcon;
				CODE_SIGN_IDENTITY = "iPhone Developer";
				INFOPLIST_FILE = myHood/Info.plist;
				LD_RUNPATH_SEARCH_PATHS = "$(inherited) @executable_path/Frameworks";
				PRODUCT_BUNDLE_IDENTIFIER = com.monsterdev.myHood;
				PRODUCT_NAME = "$(TARGET_NAME)";
			};
			name = Debug;
		};
		FAB2CB811BC9AC24006F5C8D /* Release */ = {
			isa = XCBuildConfiguration;
			buildSettings = {
				ASSETCATALOG_COMPILER_APPICON_NAME = AppIcon;
				CODE_SIGN_IDENTITY = "iPhone Developer";
				INFOPLIST_FILE = myHood/Info.plist;
				LD_RUNPATH_SEARCH_PATHS = "$(inherited) @executable_path/Frameworks";
				PRODUCT_BUNDLE_IDENTIFIER = com.monsterdev.myHood;
				PRODUCT_NAME = "$(TARGET_NAME)";
			};
			name = Release;
		};
/* End XCBuildConfiguration section */

/* Begin XCConfigurationList section */
		FAB2CB681BC9AC24006F5C8D /* Build configuration list for PBXProject "myHood" */ = {
			isa = XCConfigurationList;
			buildConfigurations = (
				FAB2CB7D1BC9AC24006F5C8D /* Debug */,
				FAB2CB7E1BC9AC24006F5C8D /* Release */,
			);
			defaultConfigurationIsVisible = 0;
			defaultConfigurationName = Release;
		};
		FAB2CB7F1BC9AC24006F5C8D /* Build configuration list for PBXNativeTarget "myHood" */ = {
			isa = XCConfigurationList;
			buildConfigurations = (
				FAB2CB801BC9AC24006F5C8D /* Debug */,
				FAB2CB811BC9AC24006F5C8D /* Release */,
			);
			defaultConfigurationIsVisible = 0;
		};
/* End XCConfigurationList section */
	};
	rootObject = FAB2CB651BC9AC24006F5C8D /* Project object */;
}
